{
  "name": "my-api",
  "version": "0.0.0",
  "lockfileVersion": 1,
  "requires": true,
  "dependencies": {
    "accepts": {
      "version": "1.3.7",
      "resolved": "https://registry.npmjs.org/accepts/-/accepts-1.3.7.tgz",
      "integrity": "sha512-Il80Qs2WjYlJIBNzNkK6KYqlVMTbZLXgHx2oT0pU/fjRHyEp+PEfEPY0R3WCwAGVOtauxh1hOxNgIf5bv7dQpA==",
      "requires": {
        "mime-types": "~2.1.24",
        "negotiator": "0.6.2"
      }
    },
    "acorn": {
      "version": "3.3.0",
      "resolved": "https://registry.npmjs.org/acorn/-/acorn-3.3.0.tgz",
      "integrity": "sha1-ReN/s56No/JbruP/U2niu18iAXo=",
      "dev": true
    },
    "acorn-jsx": {
      "version": "3.0.1",
      "resolved": "https://registry.npmjs.org/acorn-jsx/-/acorn-jsx-3.0.1.tgz",
      "integrity": "sha1-r9+UiPsezvyDSPb7IvRk4ypYs2s=",
      "dev": true,
      "requires": {
        "acorn": "^3.0.4"
      }
    },
    "ansi-styles": {
      "version": "1.0.0",
      "resolved": "https://registry.npmjs.org/ansi-styles/-/ansi-styles-1.0.0.tgz",
      "integrity": "sha1-yxAt8cVvUSPquLZ817mAJ6AnkXg=",
      "dev": true
    },
    "apidoc": {
      "version": "0.17.5",
      "resolved": "https://registry.npmjs.org/apidoc/-/apidoc-0.17.5.tgz",
      "integrity": "sha1-kc5yZLSMcX5MwYr7pkIne8aKIyU=",
      "dev": true,
      "requires": {
        "apidoc-core": "~0.8.1",
        "fs-extra": "~2.0.0",
        "lodash": "~4.17.4",
        "markdown-it": "^8.2.2",
        "nomnom": "~1.8.1",
        "winston": "~2.3.1"
      }
    },
    "apidoc-core": {
      "version": "0.8.3",
      "resolved": "https://registry.npmjs.org/apidoc-core/-/apidoc-core-0.8.3.tgz",
      "integrity": "sha1-2dY1RYKd8lDSzKBJaDqH53U2S5Y=",
      "dev": true,
      "requires": {
        "fs-extra": "^3.0.1",
        "glob": "^7.1.1",
        "iconv-lite": "^0.4.17",
        "klaw-sync": "^2.1.0",
        "lodash": "~4.17.4",
        "semver": "~5.3.0"
      },
      "dependencies": {
        "fs-extra": {
          "version": "3.0.1",
          "resolved": "https://registry.npmjs.org/fs-extra/-/fs-extra-3.0.1.tgz",
          "integrity": "sha1-N5TzeMWLNC6n27sjCVEJxLO2IpE=",
          "dev": true,
          "requires": {
            "graceful-fs": "^4.1.2",
            "jsonfile": "^3.0.0",
            "universalify": "^0.1.0"
          }
        },
        "iconv-lite": {
          "version": "0.4.24",
          "resolved": "https://registry.npmjs.org/iconv-lite/-/iconv-lite-0.4.24.tgz",
          "integrity": "sha512-v3MXnZAcvnywkTUEZomIActle7RXXeedOR31wwl7VlyoXO4Qi9arvSenNQWne1TcRwhCL1HwLI21bEqdpj8/rA==",
          "dev": true,
          "requires": {
            "safer-buffer": ">= 2.1.2 < 3"
          }
        }
      }
    },
    "app-module-path": {
      "version": "2.2.0",
      "resolved": "https://registry.npmjs.org/app-module-path/-/app-module-path-2.2.0.tgz",
      "integrity": "sha1-ZBqlXft9am8KgUHEucCqULbCTdU="
    },
    "argparse": {
      "version": "1.0.10",
      "resolved": "https://registry.npmjs.org/argparse/-/argparse-1.0.10.tgz",
      "integrity": "sha512-o5Roy6tNG4SL/FOkCAN6RzjiakZS25RLYFrcMttJqbdd8BWrnA+fGz57iN5Pb06pvBGvl5gQ0B48dJlslXvoTg==",
      "dev": true,
      "requires": {
        "sprintf-js": "~1.0.2"
      }
    },
    "array-flatten": {
      "version": "1.1.1",
      "resolved": "https://registry.npmjs.org/array-flatten/-/array-flatten-1.1.1.tgz",
      "integrity": "sha1-ml9pkFGx5wczKPKgCJaLZOopVdI="
    },
    "async": {
      "version": "1.0.0",
      "resolved": "https://registry.npmjs.org/async/-/async-1.0.0.tgz",
      "integrity": "sha1-+PwEyjoTeErenhZBr5hXjPvWR6k=",
      "dev": true
    },
    "balanced-match": {
      "version": "1.0.2",
      "resolved": "https://registry.npmjs.org/balanced-match/-/balanced-match-1.0.2.tgz",
      "integrity": "sha512-3oSeUO0TMV67hN1AmbXsK4yaqU7tjiHlbxRDZOpH0KW9+CeX4bRAaX0Anxt0tx2MrpRpWwQaPwIlISEJhYU5Pw==",
      "dev": true
    },
    "bignumber.js": {
      "version": "3.1.2",
      "resolved": "https://registry.npmjs.org/bignumber.js/-/bignumber.js-3.1.2.tgz",
      "integrity": "sha1-8725mtUmihX8HwvtL7AY4mk/4jY="
    },
    "bluebird": {
      "version": "3.4.7",
      "resolved": "https://registry.npmjs.org/bluebird/-/bluebird-3.4.7.tgz",
      "integrity": "sha1-9y12C+Cbf3bQjtj66Ysomo0F+rM=",
      "dev": true
    },
    "bluesky-logger": {
      "version": "0.7.0",
      "resolved": "https://registry.npmjs.org/bluesky-logger/-/bluesky-logger-0.7.0.tgz",
      "integrity": "sha1-Ieb8jp5sycXWrTQg7DNE6tAq8nM=",
      "requires": {
        "lodash": "4.11.1",
        "moment": "2.11.2"
      },
      "dependencies": {
        "lodash": {
          "version": "4.11.1",
          "resolved": "https://registry.npmjs.org/lodash/-/lodash-4.11.1.tgz",
          "integrity": "sha1-oyEG644uyOgsJBYRQUdzyd8V+Lw="
        },
        "moment": {
          "version": "2.11.2",
          "resolved": "https://registry.npmjs.org/moment/-/moment-2.11.2.tgz",
          "integrity": "sha1-h5aOX5WsA4wuQqyVnHWBnNP1KQE="
        }
      }
    },
    "body-parser": {
      "version": "1.17.1",
      "resolved": "https://registry.npmjs.org/body-parser/-/body-parser-1.17.1.tgz",
      "integrity": "sha1-dbO8mN3W5+DY/+dQ36ylxmmT+kc=",
      "requires": {
        "bytes": "2.4.0",
        "content-type": "~1.0.2",
        "debug": "2.6.1",
        "depd": "~1.1.0",
        "http-errors": "~1.6.1",
        "iconv-lite": "0.4.15",
        "on-finished": "~2.3.0",
        "qs": "6.4.0",
        "raw-body": "~2.2.0",
        "type-is": "~1.6.14"
      }
    },
    "brace-expansion": {
      "version": "1.1.11",
      "resolved": "https://registry.npmjs.org/brace-expansion/-/brace-expansion-1.1.11.tgz",
      "integrity": "sha512-iCuPHDFgrHX7H2vEI/5xpz07zSHB00TpugqhmYtVmMO6518mCuRMoOYFldEBl0g187ufozdaHgWKcYFb61qGiA==",
      "dev": true,
      "requires": {
        "balanced-match": "^1.0.0",
        "concat-map": "0.0.1"
      }
    },
    "browser-stdout": {
      "version": "1.3.0",
      "resolved": "https://registry.npmjs.org/browser-stdout/-/browser-stdout-1.3.0.tgz",
      "integrity": "sha1-81HTKWnTL6XXpVZxVCY9korjvR8=",
      "dev": true
    },
    "bytes": {
      "version": "2.4.0",
      "resolved": "https://registry.npmjs.org/bytes/-/bytes-2.4.0.tgz",
      "integrity": "sha1-fZcZb51br39pNeJZhVSe3SpsIzk="
    },
    "catharsis": {
      "version": "0.8.11",
      "resolved": "https://registry.npmjs.org/catharsis/-/catharsis-0.8.11.tgz",
      "integrity": "sha512-a+xUyMV7hD1BrDQA/3iPV7oc+6W26BgVJO05PGEoatMyIuPScQKsde6i3YorWX1qs+AZjnJ18NqdKoCtKiNh1g==",
      "dev": true,
      "requires": {
        "lodash": "^4.17.14"
      },
      "dependencies": {
        "lodash": {
          "version": "4.17.21",
          "resolved": "https://registry.npmjs.org/lodash/-/lodash-4.17.21.tgz",
          "integrity": "sha512-v2kDEe57lecTulaDIuNTPy3Ry4gLGJ6Z1O3vE1krgXZNrsQ+LFTGHVxVjcXPs17LhbZVGedAJv8XZ1tvj5FvSg==",
          "dev": true
        }
      }
    },
    "chalk": {
      "version": "0.4.0",
      "resolved": "https://registry.npmjs.org/chalk/-/chalk-0.4.0.tgz",
      "integrity": "sha1-UZmj3c0MHv4jvAjBsCewYXbgxk8=",
      "dev": true,
      "requires": {
        "ansi-styles": "~1.0.0",
        "has-color": "~0.1.0",
        "strip-ansi": "~0.1.0"
      }
    },
    "colors": {
      "version": "1.0.3",
      "resolved": "https://registry.npmjs.org/colors/-/colors-1.0.3.tgz",
      "integrity": "sha1-BDP0TYCWgP3rYO0mDxsMJi6CpAs=",
      "dev": true
    },
    "commander": {
      "version": "2.9.0",
      "resolved": "https://registry.npmjs.org/commander/-/commander-2.9.0.tgz",
      "integrity": "sha1-nJkJQXbhIkDLItbFFGCYQA/g99Q=",
      "dev": true,
      "requires": {
        "graceful-readlink": ">= 1.0.0"
      }
    },
    "concat-map": {
      "version": "0.0.1",
      "resolved": "https://registry.npmjs.org/concat-map/-/concat-map-0.0.1.tgz",
      "integrity": "sha1-2Klr13/Wjfd5OnMDajug1UBdR3s=",
      "dev": true
    },
    "content-disposition": {
      "version": "0.5.2",
      "resolved": "https://registry.npmjs.org/content-disposition/-/content-disposition-0.5.2.tgz",
      "integrity": "sha1-DPaLud318r55YcOoUXjLhdunjLQ="
    },
    "content-type": {
      "version": "1.0.4",
      "resolved": "https://registry.npmjs.org/content-type/-/content-type-1.0.4.tgz",
      "integrity": "sha512-hIP3EEPs8tB9AT1L+NUqtwOAps4mk2Zob89MWXMHjHWg9milF/j4osnnQLXBCBFBk/tvIG/tUc9mOUJiPBhPXA=="
    },
    "cookie": {
      "version": "0.3.1",
      "resolved": "https://registry.npmjs.org/cookie/-/cookie-0.3.1.tgz",
      "integrity": "sha1-5+Ch+e9DtMi6klxcWpboBtFoc7s="
    },
    "cookie-signature": {
      "version": "1.0.6",
      "resolved": "https://registry.npmjs.org/cookie-signature/-/cookie-signature-1.0.6.tgz",
      "integrity": "sha1-4wOogrNCzD7oylE6eZmXNNqzriw="
    },
    "core-util-is": {
      "version": "1.0.2",
      "resolved": "https://registry.npmjs.org/core-util-is/-/core-util-is-1.0.2.tgz",
      "integrity": "sha1-tf1UIgqivFq1eqtxQMlAdUUDwac="
    },
    "cycle": {
      "version": "1.0.3",
      "resolved": "https://registry.npmjs.org/cycle/-/cycle-1.0.3.tgz",
      "integrity": "sha1-IegLK+hYD5i0aPN5QwZisEbDStI=",
      "dev": true
    },
    "debug": {
      "version": "2.6.1",
      "resolved": "https://registry.npmjs.org/debug/-/debug-2.6.1.tgz",
      "integrity": "sha1-eYVQkLosTjEVzH2HaUkdWPBJE1E=",
      "requires": {
        "ms": "0.7.2"
      }
    },
    "depd": {
      "version": "1.1.2",
      "resolved": "https://registry.npmjs.org/depd/-/depd-1.1.2.tgz",
      "integrity": "sha1-m81S4UwJd2PnSbJ0xDRu0uVgtak="
    },
    "destroy": {
      "version": "1.0.4",
      "resolved": "https://registry.npmjs.org/destroy/-/destroy-1.0.4.tgz",
      "integrity": "sha1-l4hXRCxEdJ5CBmE+N5RiBYJqvYA="
    },
    "diff": {
      "version": "1.4.0",
      "resolved": "https://registry.npmjs.org/diff/-/diff-1.4.0.tgz",
      "integrity": "sha1-fyjS657nsVqX79ic5j3P2qPMur8=",
      "dev": true
    },
    "docdash": {
      "version": "0.4.0",
      "resolved": "https://registry.npmjs.org/docdash/-/docdash-0.4.0.tgz",
      "integrity": "sha1-BcOlDYMYmYFpnuDAdtOjlQ237AA=",
      "dev": true
    },
    "ee-first": {
      "version": "1.1.1",
      "resolved": "https://registry.npmjs.org/ee-first/-/ee-first-1.1.1.tgz",
      "integrity": "sha1-WQxhFWsK4vTwJVcyoViyZrxWsh0="
    },
    "encodeurl": {
      "version": "1.0.2",
      "resolved": "https://registry.npmjs.org/encodeurl/-/encodeurl-1.0.2.tgz",
      "integrity": "sha1-rT/0yG7C0CkyL1oCw6mmBslbP1k="
    },
    "entities": {
      "version": "1.1.2",
      "resolved": "https://registry.npmjs.org/entities/-/entities-1.1.2.tgz",
      "integrity": "sha512-f2LZMYl1Fzu7YSBKg+RoROelpOaNrcGmE9AZubeDfrCEia483oW4MI4VyFd5VNHIgQ/7qm1I0wUHK1eJnn2y2w==",
      "dev": true
    },
    "escape-html": {
      "version": "1.0.3",
      "resolved": "https://registry.npmjs.org/escape-html/-/escape-html-1.0.3.tgz",
      "integrity": "sha1-Aljq5NPQwJdN4cFpGI7wBR0dGYg="
    },
    "escape-string-regexp": {
      "version": "1.0.5",
      "resolved": "https://registry.npmjs.org/escape-string-regexp/-/escape-string-regexp-1.0.5.tgz",
      "integrity": "sha1-G2HAViGQqN/2rjuyzwIAyhMLhtQ=",
      "dev": true
    },
    "espree": {
      "version": "3.1.7",
      "resolved": "https://registry.npmjs.org/espree/-/espree-3.1.7.tgz",
      "integrity": "sha1-/V3ux2qXpRIKnNOnyxF3oJI7EdI=",
      "dev": true,
      "requires": {
        "acorn": "^3.3.0",
        "acorn-jsx": "^3.0.0"
      }
    },
    "etag": {
      "version": "1.8.1",
      "resolved": "https://registry.npmjs.org/etag/-/etag-1.8.1.tgz",
      "integrity": "sha1-Qa4u62XvpiJorr/qg6x9eSmbCIc="
    },
    "express": {
      "version": "4.15.2",
      "resolved": "https://registry.npmjs.org/express/-/express-4.15.2.tgz",
      "integrity": "sha1-rxB/wUhQRFfy3Kmm8lcdcSm5ezU=",
      "requires": {
        "accepts": "~1.3.3",
        "array-flatten": "1.1.1",
        "content-disposition": "0.5.2",
        "content-type": "~1.0.2",
        "cookie": "0.3.1",
        "cookie-signature": "1.0.6",
        "debug": "2.6.1",
        "depd": "~1.1.0",
        "encodeurl": "~1.0.1",
        "escape-html": "~1.0.3",
        "etag": "~1.8.0",
        "finalhandler": "~1.0.0",
        "fresh": "0.5.0",
        "merge-descriptors": "1.0.1",
        "methods": "~1.1.2",
        "on-finished": "~2.3.0",
        "parseurl": "~1.3.1",
        "path-to-regexp": "0.1.7",
        "proxy-addr": "~1.1.3",
        "qs": "6.4.0",
        "range-parser": "~1.2.0",
        "send": "0.15.1",
        "serve-static": "1.12.1",
        "setprototypeof": "1.0.3",
        "statuses": "~1.3.1",
        "type-is": "~1.6.14",
        "utils-merge": "1.0.0",
        "vary": "~1.1.0"
      },
      "dependencies": {
        "setprototypeof": {
          "version": "1.0.3",
          "resolved": "https://registry.npmjs.org/setprototypeof/-/setprototypeof-1.0.3.tgz",
          "integrity": "sha1-ZlZ+NwQ+608E2RvWWMDL77VbjgQ="
        },
        "statuses": {
          "version": "1.3.1",
          "resolved": "https://registry.npmjs.org/statuses/-/statuses-1.3.1.tgz",
          "integrity": "sha1-+vUbnrdKrvOzrPStX2Gr8ky3uT4="
        }
      }
    },
    "eyes": {
      "version": "0.1.8",
      "resolved": "https://registry.npmjs.org/eyes/-/eyes-0.1.8.tgz",
      "integrity": "sha1-Ys8SAjTGg3hdkCNIqADvPgzCC8A=",
      "dev": true
    },
    "finalhandler": {
      "version": "1.0.6",
      "resolved": "https://registry.npmjs.org/finalhandler/-/finalhandler-1.0.6.tgz",
      "integrity": "sha1-AHrqM9Gk0+QgF/YkhIrVjSEvgU8=",
      "requires": {
        "debug": "2.6.9",
        "encodeurl": "~1.0.1",
        "escape-html": "~1.0.3",
        "on-finished": "~2.3.0",
        "parseurl": "~1.3.2",
        "statuses": "~1.3.1",
        "unpipe": "~1.0.0"
      },
      "dependencies": {
        "debug": {
          "version": "2.6.9",
          "resolved": "https://registry.npmjs.org/debug/-/debug-2.6.9.tgz",
          "integrity": "sha512-bC7ElrdJaJnPbAP+1EotYvqZsb3ecl5wi6Bfi6BJTUcNowp6cvspg0jXznRTKDjm/E7AdgFBVeAPVMNcKGsHMA==",
          "requires": {
            "ms": "2.0.0"
          }
        },
        "ms": {
          "version": "2.0.0",
          "resolved": "https://registry.npmjs.org/ms/-/ms-2.0.0.tgz",
          "integrity": "sha1-VgiurfwAvmwpAd9fmGF4jeDVl8g="
        },
        "statuses": {
          "version": "1.3.1",
          "resolved": "https://registry.npmjs.org/statuses/-/statuses-1.3.1.tgz",
          "integrity": "sha1-+vUbnrdKrvOzrPStX2Gr8ky3uT4="
        }
      }
    },
    "forwarded": {
      "version": "0.1.2",
      "resolved": "https://registry.npmjs.org/forwarded/-/forwarded-0.1.2.tgz",
      "integrity": "sha1-mMI9qxF1ZXuMBXPozszZGw/xjIQ="
    },
    "fresh": {
      "version": "0.5.0",
      "resolved": "https://registry.npmjs.org/fresh/-/fresh-0.5.0.tgz",
      "integrity": "sha1-9HTKXmqSRtb9jglTz6m5yAWvp44="
    },
    "fs-extra": {
      "version": "2.0.0",
      "resolved": "https://registry.npmjs.org/fs-extra/-/fs-extra-2.0.0.tgz",
      "integrity": "sha1-M3NSve1KC3FPPrhN6M6nZenTdgA=",
      "dev": true,
      "requires": {
        "graceful-fs": "^4.1.2",
        "jsonfile": "^2.1.0"
      },
      "dependencies": {
        "jsonfile": {
          "version": "2.4.0",
          "resolved": "https://registry.npmjs.org/jsonfile/-/jsonfile-2.4.0.tgz",
          "integrity": "sha1-NzaitCi4e72gzIO1P6PWM6NcKug=",
          "dev": true,
          "requires": {
            "graceful-fs": "^4.1.6"
          }
        }
      }
    },
    "fs.realpath": {
      "version": "1.0.0",
      "resolved": "https://registry.npmjs.org/fs.realpath/-/fs.realpath-1.0.0.tgz",
      "integrity": "sha1-FQStJSMVjKpA20onh8sBQRmU6k8=",
      "dev": true
    },
    "glob": {
      "version": "7.1.7",
      "resolved": "https://registry.npmjs.org/glob/-/glob-7.1.7.tgz",
      "integrity": "sha512-OvD9ENzPLbegENnYP5UUfJIirTg4+XwMWGaQfQTY0JenxNvvIKP3U3/tAQSPIu/lHxXYSZmpXlUHeqAIdKzBLQ==",
      "dev": true,
      "requires": {
        "fs.realpath": "^1.0.0",
        "inflight": "^1.0.4",
        "inherits": "2",
        "minimatch": "^3.0.4",
        "once": "^1.3.0",
        "path-is-absolute": "^1.0.0"
      }
    },
    "graceful-fs": {
      "version": "4.2.6",
      "resolved": "https://registry.npmjs.org/graceful-fs/-/graceful-fs-4.2.6.tgz",
      "integrity": "sha512-nTnJ528pbqxYanhpDYsi4Rd8MAeaBA67+RZ10CM1m3bTAVFEDcd5AuA4a6W5YkGZ1iNXHzZz8T6TBKLeBuNriQ==",
      "dev": true
    },
    "graceful-readlink": {
      "version": "1.0.1",
      "resolved": "https://registry.npmjs.org/graceful-readlink/-/graceful-readlink-1.0.1.tgz",
      "integrity": "sha1-TK+tdrxi8C+gObL5Tpo906ORpyU=",
      "dev": true
    },
    "growl": {
      "version": "1.9.2",
      "resolved": "https://registry.npmjs.org/growl/-/growl-1.9.2.tgz",
      "integrity": "sha1-Dqd0NxXbjY3ixe3hd14bRayFwC8=",
      "dev": true
    },
    "has-color": {
      "version": "0.1.7",
      "resolved": "https://registry.npmjs.org/has-color/-/has-color-0.1.7.tgz",
      "integrity": "sha1-ZxRKUmDDT8PMpnfQQdr1L+e3iy8=",
      "dev": true
    },
    "has-flag": {
      "version": "1.0.0",
      "resolved": "https://registry.npmjs.org/has-flag/-/has-flag-1.0.0.tgz",
      "integrity": "sha1-nZ55MWXOAXoA8AQYxD+UKnsdEfo=",
      "dev": true
    },
    "http-errors": {
      "version": "1.6.3",
      "resolved": "https://registry.npmjs.org/http-errors/-/http-errors-1.6.3.tgz",
      "integrity": "sha1-i1VoC7S+KDoLW/TqLjhYC+HZMg0=",
      "requires": {
        "depd": "~1.1.2",
        "inherits": "2.0.3",
        "setprototypeof": "1.1.0",
        "statuses": ">= 1.4.0 < 2"
      }
    },
    "iconv-lite": {
      "version": "0.4.15",
      "resolved": "https://registry.npmjs.org/iconv-lite/-/iconv-lite-0.4.15.tgz",
      "integrity": "sha1-/iZaIYrGpXz+hUkn6dBMGYJe3es="
    },
    "inflight": {
      "version": "1.0.6",
      "resolved": "https://registry.npmjs.org/inflight/-/inflight-1.0.6.tgz",
      "integrity": "sha1-Sb1jMdfQLQwJvJEKEHW6gWW1bfk=",
      "dev": true,
      "requires": {
        "once": "^1.3.0",
        "wrappy": "1"
      }
    },
    "inherits": {
      "version": "2.0.3",
      "resolved": "https://registry.npmjs.org/inherits/-/inherits-2.0.3.tgz",
      "integrity": "sha1-Yzwsg+PaQqUC9SRmAiSA9CCCYd4="
    },
    "ipaddr.js": {
      "version": "1.4.0",
      "resolved": "https://registry.npmjs.org/ipaddr.js/-/ipaddr.js-1.4.0.tgz",
      "integrity": "sha1-KWrKh4qCGBbluF0KKFqZvP9FgvA="
    },
    "isarray": {
      "version": "0.0.1",
      "resolved": "https://registry.npmjs.org/isarray/-/isarray-0.0.1.tgz",
      "integrity": "sha1-ihis/Kmo9Bd+Cav8YDiTmwXR7t8="
    },
    "isstream": {
      "version": "0.1.2",
      "resolved": "https://registry.npmjs.org/isstream/-/isstream-0.1.2.tgz",
      "integrity": "sha1-R+Y/evVa+m+S4VAOaQ64uFKcCZo=",
      "dev": true
    },
    "js2xmlparser": {
      "version": "1.0.0",
      "resolved": "https://registry.npmjs.org/js2xmlparser/-/js2xmlparser-1.0.0.tgz",
      "integrity": "sha1-WhcPLo1kds5FQF4EgjJCUTeC/jA=",
      "dev": true
    },
    "jsdoc": {
      "version": "3.4.3",
      "resolved": "https://registry.npmjs.org/jsdoc/-/jsdoc-3.4.3.tgz",
      "integrity": "sha1-5XQNYUXGgfZnnmwXeDqI292XzNM=",
      "dev": true,
      "requires": {
        "bluebird": "~3.4.6",
        "catharsis": "~0.8.8",
        "escape-string-regexp": "~1.0.5",
        "espree": "~3.1.7",
        "js2xmlparser": "~1.0.0",
        "klaw": "~1.3.0",
        "marked": "~0.3.6",
        "mkdirp": "~0.5.1",
        "requizzle": "~0.2.1",
        "strip-json-comments": "~2.0.1",
        "taffydb": "2.6.2",
        "underscore": "~1.8.3"
      },
      "dependencies": {
        "underscore": {
          "version": "1.8.3",
          "resolved": "https://registry.npmjs.org/underscore/-/underscore-1.8.3.tgz",
          "integrity": "sha1-Tz+1OxBuYJf8+ctBCfKl6b36UCI=",
          "dev": true
        }
      }
    },
    "json3": {
      "version": "3.3.2",
      "resolved": "https://registry.npmjs.org/json3/-/json3-3.3.2.tgz",
      "integrity": "sha1-PAQ0dD35Pi9cQq7nsZvLSDV19OE=",
      "dev": true
    },
    "jsonfile": {
      "version": "3.0.1",
      "resolved": "https://registry.npmjs.org/jsonfile/-/jsonfile-3.0.1.tgz",
      "integrity": "sha1-pezG9l9T9mLEQVx2daAzHQmS7GY=",
      "dev": true,
      "requires": {
        "graceful-fs": "^4.1.6"
      }
    },
    "klaw": {
      "version": "1.3.1",
      "resolved": "https://registry.npmjs.org/klaw/-/klaw-1.3.1.tgz",
      "integrity": "sha1-QIhDO0azsbolnXh4XY6W9zugJDk=",
      "dev": true,
      "requires": {
        "graceful-fs": "^4.1.9"
      }
    },
    "klaw-sync": {
      "version": "2.1.0",
      "resolved": "https://registry.npmjs.org/klaw-sync/-/klaw-sync-2.1.0.tgz",
      "integrity": "sha1-PTvNhgDnv971MjHHOf8FOu1WDkQ=",
      "dev": true,
      "requires": {
        "graceful-fs": "^4.1.11"
      }
    },
    "linkify-it": {
      "version": "2.2.0",
      "resolved": "https://registry.npmjs.org/linkify-it/-/linkify-it-2.2.0.tgz",
      "integrity": "sha512-GnAl/knGn+i1U/wjBz3akz2stz+HrHLsxMwHQGofCDfPvlf+gDKN58UtfmUquTY4/MXeE2x7k19KQmeoZi94Iw==",
      "dev": true,
      "requires": {
        "uc.micro": "^1.0.1"
      }
    },
    "lodash": {
      "version": "4.17.4",
      "resolved": "https://registry.npmjs.org/lodash/-/lodash-4.17.4.tgz",
      "integrity": "sha1-eCA6TRwyiuHYbcpkYONptX9AVa4="
    },
    "lodash._baseassign": {
      "version": "3.2.0",
      "resolved": "https://registry.npmjs.org/lodash._baseassign/-/lodash._baseassign-3.2.0.tgz",
      "integrity": "sha1-jDigmVAPIVrQnlnxci/QxSv+Ck4=",
      "dev": true,
      "requires": {
        "lodash._basecopy": "^3.0.0",
        "lodash.keys": "^3.0.0"
      }
    },
    "lodash._basecopy": {
      "version": "3.0.1",
      "resolved": "https://registry.npmjs.org/lodash._basecopy/-/lodash._basecopy-3.0.1.tgz",
      "integrity": "sha1-jaDmqHbPNEwK2KVIghEd08XHyjY=",
      "dev": true
    },
    "lodash._basecreate": {
      "version": "3.0.3",
      "resolved": "https://registry.npmjs.org/lodash._basecreate/-/lodash._basecreate-3.0.3.tgz",
      "integrity": "sha1-G8ZhYU2qf8MRt9A78WgGoCE8+CE=",
      "dev": true
    },
    "lodash._getnative": {
      "version": "3.9.1",
      "resolved": "https://registry.npmjs.org/lodash._getnative/-/lodash._getnative-3.9.1.tgz",
      "integrity": "sha1-VwvH3t5G1hzc3mh9ZdPuy6o6r/U=",
      "dev": true
    },
    "lodash._isiterateecall": {
      "version": "3.0.9",
      "resolved": "https://registry.npmjs.org/lodash._isiterateecall/-/lodash._isiterateecall-3.0.9.tgz",
      "integrity": "sha1-UgOte6Ql+uhCRg5pbbnPPmqsBXw=",
      "dev": true
    },
    "lodash.create": {
      "version": "3.1.1",
      "resolved": "https://registry.npmjs.org/lodash.create/-/lodash.create-3.1.1.tgz",
      "integrity": "sha1-1/KEnw29p+BGgruM1yqwIkYd6+c=",
      "dev": true,
      "requires": {
        "lodash._baseassign": "^3.0.0",
        "lodash._basecreate": "^3.0.0",
        "lodash._isiterateecall": "^3.0.0"
      }
    },
    "lodash.isarguments": {
      "version": "3.1.0",
      "resolved": "https://registry.npmjs.org/lodash.isarguments/-/lodash.isarguments-3.1.0.tgz",
      "integrity": "sha1-L1c9hcaiQon/AGY7SRwdM4/zRYo=",
      "dev": true
    },
    "lodash.isarray": {
      "version": "3.0.4",
      "resolved": "https://registry.npmjs.org/lodash.isarray/-/lodash.isarray-3.0.4.tgz",
      "integrity": "sha1-eeTriMNqgSKvhvhEqpvNhRtfu1U=",
      "dev": true
    },
    "lodash.keys": {
      "version": "3.1.2",
      "resolved": "https://registry.npmjs.org/lodash.keys/-/lodash.keys-3.1.2.tgz",
      "integrity": "sha1-TbwEcrFWvlCgsoaFXRvQsMZWCYo=",
      "dev": true,
      "requires": {
        "lodash._getnative": "^3.0.0",
        "lodash.isarguments": "^3.0.0",
        "lodash.isarray": "^3.0.0"
      }
    },
    "markdown-it": {
      "version": "8.4.2",
      "resolved": "https://registry.npmjs.org/markdown-it/-/markdown-it-8.4.2.tgz",
      "integrity": "sha512-GcRz3AWTqSUphY3vsUqQSFMbgR38a4Lh3GWlHRh/7MRwz8mcu9n2IO7HOh+bXHrR9kOPDl5RNCaEsrneb+xhHQ==",
      "dev": true,
      "requires": {
        "argparse": "^1.0.7",
        "entities": "~1.1.1",
        "linkify-it": "^2.0.0",
        "mdurl": "^1.0.1",
        "uc.micro": "^1.0.5"
      }
    },
    "marked": {
      "version": "0.3.19",
      "resolved": "https://registry.npmjs.org/marked/-/marked-0.3.19.tgz",
      "integrity": "sha512-ea2eGWOqNxPcXv8dyERdSr/6FmzvWwzjMxpfGB/sbMccXoct+xY+YukPD+QTUZwyvK7BZwcr4m21WBOW41pAkg==",
      "dev": true
    },
    "mdurl": {
      "version": "1.0.1",
      "resolved": "https://registry.npmjs.org/mdurl/-/mdurl-1.0.1.tgz",
      "integrity": "sha1-/oWy7HWlkDfyrf7BAP1sYBdhFS4=",
      "dev": true
    },
    "media-typer": {
      "version": "0.3.0",
      "resolved": "https://registry.npmjs.org/media-typer/-/media-typer-0.3.0.tgz",
      "integrity": "sha1-hxDXrwqmJvj/+hzgAWhUUmMlV0g="
    },
    "merge-descriptors": {
      "version": "1.0.1",
      "resolved": "https://registry.npmjs.org/merge-descriptors/-/merge-descriptors-1.0.1.tgz",
      "integrity": "sha1-sAqqVW3YtEVoFQ7J0blT8/kMu2E="
    },
    "methods": {
      "version": "1.1.2",
      "resolved": "https://registry.npmjs.org/methods/-/methods-1.1.2.tgz",
      "integrity": "sha1-VSmk1nZUE07cxSZmVoNbD4Ua/O4="
    },
    "mime": {
      "version": "1.3.4",
      "resolved": "https://registry.npmjs.org/mime/-/mime-1.3.4.tgz",
      "integrity": "sha1-EV+eO2s9rylZmDyzjxSaLUDrXVM="
    },
    "mime-db": {
      "version": "1.48.0",
      "resolved": "https://registry.npmjs.org/mime-db/-/mime-db-1.48.0.tgz",
      "integrity": "sha512-FM3QwxV+TnZYQ2aRqhlKBMHxk10lTbMt3bBkMAp54ddrNeVSfcQYOOKuGuy3Ddrm38I04If834fOUSq1yzslJQ=="
    },
    "mime-types": {
      "version": "2.1.31",
      "resolved": "https://registry.npmjs.org/mime-types/-/mime-types-2.1.31.tgz",
      "integrity": "sha512-XGZnNzm3QvgKxa8dpzyhFTHmpP3l5YNusmne07VUOXxou9CqUqYa/HBy124RqtVh/O2pECas/MOcsDgpilPOPg==",
      "requires": {
        "mime-db": "1.48.0"
      }
    },
    "minimatch": {
      "version": "3.0.4",
      "resolved": "https://registry.npmjs.org/minimatch/-/minimatch-3.0.4.tgz",
      "integrity": "sha512-yJHVQEhyqPLUTgt9B83PXu6W3rx4MvvHvSUvToogpwoGDOUQ+yDrR0HRot+yOCdCO7u4hX3pWft6kWBBcqh0UA==",
      "dev": true,
      "requires": {
        "brace-expansion": "^1.1.7"
      }
    },
    "minimist": {
      "version": "1.2.0",
      "resolved": "https://registry.npmjs.org/minimist/-/minimist-1.2.0.tgz",
      "integrity": "sha1-o1AIsg9BOD7sH7kU9M1d95omQoQ="
    },
    "mkdirp": {
      "version": "0.5.5",
      "resolved": "https://registry.npmjs.org/mkdirp/-/mkdirp-0.5.5.tgz",
      "integrity": "sha512-NKmAlESf6jMGym1++R0Ra7wvhV+wFW63FaSOFPwRahvea0gMUcGUhVeAg/0BC0wiv9ih5NYPB1Wn1UEI1/L+xQ==",
      "dev": true,
      "requires": {
        "minimist": "^1.2.5"
      },
      "dependencies": {
        "minimist": {
          "version": "1.2.5",
          "resolved": "https://registry.npmjs.org/minimist/-/minimist-1.2.5.tgz",
          "integrity": "sha512-FM9nNUYrRBAELZQT3xeZQ7fmMOBg6nWNmJKTcgsJeaLstP/UODVpGsr5OhXhhXg6f+qtJ8uiZ+PUxkDWcgIXLw==",
          "dev": true
        }
      }
    },
    "mocha": {
      "version": "3.2.0",
      "resolved": "https://registry.npmjs.org/mocha/-/mocha-3.2.0.tgz",
      "integrity": "sha1-fcT0XlCIB1FxpoiWgU5q6et6heM=",
      "dev": true,
      "requires": {
        "browser-stdout": "1.3.0",
        "commander": "2.9.0",
        "debug": "2.2.0",
        "diff": "1.4.0",
        "escape-string-regexp": "1.0.5",
        "glob": "7.0.5",
        "growl": "1.9.2",
        "json3": "3.3.2",
        "lodash.create": "3.1.1",
        "mkdirp": "0.5.1",
        "supports-color": "3.1.2"
      },
      "dependencies": {
        "debug": {
          "version": "2.2.0",
          "resolved": "https://registry.npmjs.org/debug/-/debug-2.2.0.tgz",
          "integrity": "sha1-+HBX6ZWxofauaklgZkE3vFbwOdo=",
          "dev": true,
          "requires": {
            "ms": "0.7.1"
          }
        },
        "glob": {
          "version": "7.0.5",
          "resolved": "https://registry.npmjs.org/glob/-/glob-7.0.5.tgz",
          "integrity": "sha1-tCAqaQmbu00pKnwblbZoK2fr3JU=",
          "dev": true,
          "requires": {
            "fs.realpath": "^1.0.0",
            "inflight": "^1.0.4",
            "inherits": "2",
            "minimatch": "^3.0.2",
            "once": "^1.3.0",
            "path-is-absolute": "^1.0.0"
          }
        },
        "minimist": {
          "version": "0.0.8",
          "resolved": "https://registry.npmjs.org/minimist/-/minimist-0.0.8.tgz",
          "integrity": "sha1-hX/Kv8M5fSYluCKCYuhqp6ARsF0=",
          "dev": true
        },
        "mkdirp": {
          "version": "0.5.1",
          "resolved": "https://registry.npmjs.org/mkdirp/-/mkdirp-0.5.1.tgz",
          "integrity": "sha1-MAV0OOrGz3+MR2fzhkjWaX11yQM=",
          "dev": true,
          "requires": {
            "minimist": "0.0.8"
          }
        },
        "ms": {
          "version": "0.7.1",
          "resolved": "https://registry.npmjs.org/ms/-/ms-0.7.1.tgz",
          "integrity": "sha1-nNE8A62/8ltl7/3nzoZO6VIBcJg=",
          "dev": true
        }
      }
    },
    "moment": {
      "version": "2.18.1",
      "resolved": "https://registry.npmjs.org/moment/-/moment-2.18.1.tgz",
      "integrity": "sha1-w2GT3Tzhwu7SrbfIAtu8d6gbHA8="
    },
    "ms": {
      "version": "0.7.2",
      "resolved": "https://registry.npmjs.org/ms/-/ms-0.7.2.tgz",
      "integrity": "sha1-riXPJRKziFodldfwN4aNhDESR2U="
    },
    "mysql": {
      "version": "2.13.0",
      "resolved": "https://registry.npmjs.org/mysql/-/mysql-2.13.0.tgz",
      "integrity": "sha1-mY8fjKRuLj3XFJzpgkE2U5hqrkc=",
      "requires": {
        "bignumber.js": "3.1.2",
        "readable-stream": "1.1.14",
        "sqlstring": "2.2.0"
      }
    },
    "negotiator": {
      "version": "0.6.2",
      "resolved": "https://registry.npmjs.org/negotiator/-/negotiator-0.6.2.tgz",
      "integrity": "sha512-hZXc7K2e+PgeI1eDBe/10Ard4ekbfrrqG8Ep+8Jmf4JID2bNg7NvCPOZN+kfF574pFQI7mum2AUqDidoKqcTOw=="
    },
    "nomnom": {
      "version": "1.8.1",
      "resolved": "https://registry.npmjs.org/nomnom/-/nomnom-1.8.1.tgz",
      "integrity": "sha1-IVH3Ikcrp55Qp2/BJbuMjy5Nwqc=",
      "dev": true,
      "requires": {
        "chalk": "~0.4.0",
        "underscore": "~1.6.0"
      }
    },
    "on-finished": {
      "version": "2.3.0",
      "resolved": "https://registry.npmjs.org/on-finished/-/on-finished-2.3.0.tgz",
      "integrity": "sha1-IPEzZIGwg811M3mSoWlxqi2QaUc=",
      "requires": {
        "ee-first": "1.1.1"
      }
    },
    "once": {
      "version": "1.4.0",
      "resolved": "https://registry.npmjs.org/once/-/once-1.4.0.tgz",
      "integrity": "sha1-WDsap3WWHUsROsF9nFC6753Xa9E=",
      "dev": true,
      "requires": {
        "wrappy": "1"
      }
    },
    "parseurl": {
      "version": "1.3.3",
      "resolved": "https://registry.npmjs.org/parseurl/-/parseurl-1.3.3.tgz",
      "integrity": "sha512-CiyeOxFT/JZyN5m0z9PfXw4SCBJ6Sygz1Dpl0wqjlhDEGGBP1GnsUVEL0p63hoG1fcj3fHynXi9NYO4nWOL+qQ=="
    },
    "path-is-absolute": {
      "version": "1.0.1",
      "resolved": "https://registry.npmjs.org/path-is-absolute/-/path-is-absolute-1.0.1.tgz",
      "integrity": "sha1-F0uSaHNVNP+8es5r9TpanhtcX18=",
      "dev": true
    },
    "path-to-regexp": {
      "version": "0.1.7",
      "resolved": "https://registry.npmjs.org/path-to-regexp/-/path-to-regexp-0.1.7.tgz",
      "integrity": "sha1-32BBeABfUi8V60SQ5yR6G/qmf4w="
    },
    "proxy-addr": {
      "version": "1.1.5",
      "resolved": "https://registry.npmjs.org/proxy-addr/-/proxy-addr-1.1.5.tgz",
      "integrity": "sha1-ccDuOxAt4/IC87ZPYI0XP8uhqRg=",
      "requires": {
        "forwarded": "~0.1.0",
        "ipaddr.js": "1.4.0"
      }
    },
    "q": {
      "version": "1.4.0",
      "resolved": "https://registry.npmjs.org/q/-/q-1.4.0.tgz",
      "integrity": "sha1-eRPVQeUFg8L5DGakeXnJP812SuM="
    },
    "qs": {
      "version": "6.4.0",
      "resolved": "https://registry.npmjs.org/qs/-/qs-6.4.0.tgz",
      "integrity": "sha1-E+JtKK1rD/qpExLNO/cI7TUecjM="
    },
    "range-parser": {
      "version": "1.2.1",
      "resolved": "https://registry.npmjs.org/range-parser/-/range-parser-1.2.1.tgz",
      "integrity": "sha512-Hrgsx+orqoygnmhFbKaHE6c296J+HTAQXoxEF6gNupROmmGJRoyzfG3ccAveqCBrwr/2yxQ5BVd/GTl5agOwSg=="
    },
    "raw-body": {
      "version": "2.2.0",
      "resolved": "https://registry.npmjs.org/raw-body/-/raw-body-2.2.0.tgz",
      "integrity": "sha1-mUl2z2pQlqQRYoQEkvC9xdbn+5Y=",
      "requires": {
        "bytes": "2.4.0",
        "iconv-lite": "0.4.15",
        "unpipe": "1.0.0"
      }
    },
    "readable-stream": {
      "version": "1.1.14",
      "resolved": "https://registry.npmjs.org/readable-stream/-/readable-stream-1.1.14.tgz",
      "integrity": "sha1-fPTFTvZI44EwhMY23SB54WbAgdk=",
      "requires": {
        "core-util-is": "~1.0.0",
        "inherits": "~2.0.1",
        "isarray": "0.0.1",
        "string_decoder": "~0.10.x"
      }
    },
    "requizzle": {
      "version": "0.2.3",
      "resolved": "https://registry.npmjs.org/requizzle/-/requizzle-0.2.3.tgz",
      "integrity": "sha512-YanoyJjykPxGHii0fZP0uUPEXpvqfBDxWV7s6GKAiiOsiqhX6vHNyW3Qzdmqp/iq/ExbhaGbVrjB4ruEVSM4GQ==",
      "dev": true,
      "requires": {
        "lodash": "^4.17.14"
      },
      "dependencies": {
        "lodash": {
          "version": "4.17.21",
          "resolved": "https://registry.npmjs.org/lodash/-/lodash-4.17.21.tgz",
          "integrity": "sha512-v2kDEe57lecTulaDIuNTPy3Ry4gLGJ6Z1O3vE1krgXZNrsQ+LFTGHVxVjcXPs17LhbZVGedAJv8XZ1tvj5FvSg==",
          "dev": true
        }
      }
    },
    "safer-buffer": {
      "version": "2.1.2",
      "resolved": "https://registry.npmjs.org/safer-buffer/-/safer-buffer-2.1.2.tgz",
      "integrity": "sha512-YZo3K82SD7Riyi0E1EQPojLz7kpepnSQI9IyPbHHg1XXXevb5dJI7tpyN2ADxGcQbHG7vcyRHk0cbwqcQriUtg==",
      "dev": true
    },
    "semver": {
      "version": "5.3.0",
      "resolved": "https://registry.npmjs.org/semver/-/semver-5.3.0.tgz",
      "integrity": "sha1-myzl094C0XxgEq0yaqa00M9U+U8=",
      "dev": true
    },
    "send": {
      "version": "0.15.1",
      "resolved": "https://registry.npmjs.org/send/-/send-0.15.1.tgz",
      "integrity": "sha1-igI1TCbm9cynAAZfXwzeupDse18=",
      "requires": {
        "debug": "2.6.1",
        "depd": "~1.1.0",
        "destroy": "~1.0.4",
        "encodeurl": "~1.0.1",
        "escape-html": "~1.0.3",
        "etag": "~1.8.0",
        "fresh": "0.5.0",
        "http-errors": "~1.6.1",
        "mime": "1.3.4",
        "ms": "0.7.2",
        "on-finished": "~2.3.0",
        "range-parser": "~1.2.0",
        "statuses": "~1.3.1"
      },
      "dependencies": {
        "statuses": {
          "version": "1.3.1",
          "resolved": "https://registry.npmjs.org/statuses/-/statuses-1.3.1.tgz",
          "integrity": "sha1-+vUbnrdKrvOzrPStX2Gr8ky3uT4="
        }
      }
    },
    "serve-static": {
      "version": "1.12.1",
      "resolved": "https://registry.npmjs.org/serve-static/-/serve-static-1.12.1.tgz",
      "integrity": "sha1-dEOpZePO1kes61Y5+ga/TRu+ADk=",
      "requires": {
        "encodeurl": "~1.0.1",
        "escape-html": "~1.0.3",
        "parseurl": "~1.3.1",
        "send": "0.15.1"
      }
    },
    "setprototypeof": {
      "version": "1.1.0",
      "resolved": "https://registry.npmjs.org/setprototypeof/-/setprototypeof-1.1.0.tgz",
      "integrity": "sha512-BvE/TwpZX4FXExxOxZyRGQQv651MSwmWKZGqvmPcRIjDqWub67kTKuIMx43cZZrS/cBBzwBcNDWoFxt2XEFIpQ=="
    },
    "sprintf-js": {
      "version": "1.0.3",
      "resolved": "https://registry.npmjs.org/sprintf-js/-/sprintf-js-1.0.3.tgz",
      "integrity": "sha1-BOaSb2YolTVPPdAVIDYzuFcpfiw=",
      "dev": true
    },
    "sqlstring": {
      "version": "2.2.0",
      "resolved": "https://registry.npmjs.org/sqlstring/-/sqlstring-2.2.0.tgz",
      "integrity": "sha1-wxNcTqirzX5+50GklmqJHYak8ZE="
    },
    "stack-trace": {
      "version": "0.0.10",
      "resolved": "https://registry.npmjs.org/stack-trace/-/stack-trace-0.0.10.tgz",
      "integrity": "sha1-VHxws0fo0ytOEI6hoqFZ5f3eGcA=",
      "dev": true
    },
    "statuses": {
      "version": "1.5.0",
      "resolved": "https://registry.npmjs.org/statuses/-/statuses-1.5.0.tgz",
      "integrity": "sha1-Fhx9rBd2Wf2YEfQ3cfqZOBR4Yow="
    },
    "string_decoder": {
      "version": "0.10.31",
      "resolved": "https://registry.npmjs.org/string_decoder/-/string_decoder-0.10.31.tgz",
      "integrity": "sha1-YuIDvEF2bGwoyfyEMB2rHFMQ+pQ="
    },
    "strip-ansi": {
      "version": "0.1.1",
      "resolved": "https://registry.npmjs.org/strip-ansi/-/strip-ansi-0.1.1.tgz",
      "integrity": "sha1-OeipjQRNFQZgq+SmgIrPcLt7yZE=",
      "dev": true
    },
    "strip-json-comments": {
      "version": "2.0.1",
      "resolved": "https://registry.npmjs.org/strip-json-comments/-/strip-json-comments-2.0.1.tgz",
      "integrity": "sha1-PFMZQukIwml8DsNEhYwobHygpgo=",
      "dev": true
    },
    "supports-color": {
      "version": "3.1.2",
      "resolved": "https://registry.npmjs.org/supports-color/-/supports-color-3.1.2.tgz",
      "integrity": "sha1-cqJiiU2dQIuVbKBf83su2KbiotU=",
      "dev": true,
      "requires": {
        "has-flag": "^1.0.0"
      }
    },
    "taffydb": {
      "version": "2.6.2",
      "resolved": "https://registry.npmjs.org/taffydb/-/taffydb-2.6.2.tgz",
      "integrity": "sha1-fLy2S1oUG2ou/CxdLGe04VCyomg=",
      "dev": true
    },
    "type-is": {
      "version": "1.6.18",
      "resolved": "https://registry.npmjs.org/type-is/-/type-is-1.6.18.tgz",
      "integrity": "sha512-TkRKr9sUTxEH8MdfuCSP7VizJyzRNMjj2J2do2Jr3Kym598JVdEksuzPQCnlFPW4ky9Q+iA+ma9BGm06XQBy8g==",
      "requires": {
        "media-typer": "0.3.0",
        "mime-types": "~2.1.24"
      }
    },
    "uc.micro": {
      "version": "1.0.6",
      "resolved": "https://registry.npmjs.org/uc.micro/-/uc.micro-1.0.6.tgz",
      "integrity": "sha512-8Y75pvTYkLJW2hWQHXxoqRgV7qb9B+9vFEtidML+7koHUFapnVJAZ6cKs+Qjz5Aw3aZWHMC6u0wJE3At+nSGwA==",
      "dev": true
    },
    "underscore": {
      "version": "1.6.0",
      "resolved": "https://registry.npmjs.org/underscore/-/underscore-1.6.0.tgz",
      "integrity": "sha1-izixDKze9jM3uLJOT/htRa6lKag=",
      "dev": true
    },
    "universalify": {
      "version": "0.1.2",
      "resolved": "https://registry.npmjs.org/universalify/-/universalify-0.1.2.tgz",
      "integrity": "sha512-rBJeI5CXAlmy1pV+617WB9J63U6XcazHHF2f2dbJix4XzpUF0RS3Zbj0FGIOCAva5P/d/GBOYaACQ1w+0azUkg==",
      "dev": true
    },
    "unpipe": {
      "version": "1.0.0",
      "resolved": "https://registry.npmjs.org/unpipe/-/unpipe-1.0.0.tgz",
      "integrity": "sha1-sr9O6FFKrmFltIF4KdIbLvSZBOw="
    },
    "utils-merge": {
      "version": "1.0.0",
      "resolved": "https://registry.npmjs.org/utils-merge/-/utils-merge-1.0.0.tgz",
      "integrity": "sha1-ApT7kiu5N1FTVBxPcJYjHyh8ivg="
    },
    "vary": {
      "version": "1.1.2",
      "resolved": "https://registry.npmjs.org/vary/-/vary-1.1.2.tgz",
      "integrity": "sha1-IpnwLG3tMNSllhsLn3RSShj2NPw="
    },
    "winston": {
      "version": "2.3.1",
      "resolved": "https://registry.npmjs.org/winston/-/winston-2.3.1.tgz",
      "integrity": "sha1-C0hCDZeMAYBM8CMLZIhhWYIloRk=",
      "dev": true,
      "requires": {
        "async": "~1.0.0",
        "colors": "1.0.x",
        "cycle": "1.0.x",
        "eyes": "0.1.x",
        "isstream": "0.1.x",
        "stack-trace": "0.0.x"
      }
    },
    "wrappy": {
      "version": "1.0.2",
      "resolved": "https://registry.npmjs.org/wrappy/-/wrappy-1.0.2.tgz",
      "integrity": "sha1-tSQ9jz7BqjXxNkYFvA0QNuMKtp8=",
      "dev": true
    }
  }
}
